
Microsoft Visual Studio Solution File, Format Version 12.00
# Visual Studio Version 17
VisualStudioVersion = 17.4.33122.133
MinimumVisualStudioVersion = 10.0.40219.1
Project("{FAE04EC0-301F-11D3-BF4B-00C04F79EFBC}") = "WorldProject", "WorldProject.csproj", "{D47E7E62-6556-4B21-AA6B-303C7A709912}"
EndProject
Project("{FAE04EC0-301F-11D3-BF4B-00C04F79EFBC}") = "Ccore", "..\Ccore\Ccore.csproj", "{DE90D377-9D91-4989-974B-41DAC1A84D1C}"
EndProject
Global
	GlobalSection(SolutionConfigurationPlatforms) = preSolution
		Debug|Any CPU = Debug|Any CPU
		Release|Any CPU = Release|Any CPU
	EndGlobalSection
	GlobalSection(ProjectConfigurationPlatforms) = postSolution
		{D47E7E62-6556-4B21-AA6B-303C7A709912}.Debug|Any CPU.ActiveCfg = Debug|Any CPU
		{D47E7E62-6556-4B21-AA6B-303C7A709912}.Debug|Any CPU.Build.0 = Debug|Any CPU
		{D47E7E62-6556-4B21-AA6B-303C7A709912}.Release|Any CPU.ActiveCfg = Release|Any CPU
		{D47E7E62-6556-4B21-AA6B-303C7A709912}.Release|Any CPU.Build.0 = Release|Any CPU
		{DE90D377-9D91-4989-974B-41DAC1A84D1C}.Debug|Any CPU.ActiveCfg = Debug|Any CPU
		{DE90D377-9D91-4989-974B-41DAC1A84D1C}.Debug|Any CPU.Build.0 = Debug|Any CPU
		{DE90D377-9D91-4989-974B-41DAC1A84D1C}.Release|Any CPU.ActiveCfg = Release|Any CPU
		{DE90D377-9D91-4989-974B-41DAC1A84D1C}.Release|Any CPU.Build.0 = Release|Any CPU
	EndGlobalSection
	GlobalSection(SolutionProperties) = preSolution
		HideSolutionNode = FALSE
	EndGlobalSection
	GlobalSection(ExtensibilityGlobals) = postSolution
		SolutionGuid = {F772A8ED-2DCC-4E77-A3B7-91CB7E8F0D73}
	EndGlobalSection
EndGlobal
